
Microsoft Visual Studio Solution File, Format Version 12.00
# Visual Studio Version 17
VisualStudioVersion = 17.0.32126.317
MinimumVisualStudioVersion = 10.0.40219.1
Project("{FAE04EC0-301F-11D3-BF4B-00C04F79EFBC}") = "LinqPracticeProblems", "LinqPracticeProblems.csproj", "{643F890B-0CEF-46F6-B083-9D3D9707B076}"
EndProject
Global
	GlobalSection(SolutionConfigurationPlatforms) = preSolution
		Debug|Any CPU = Debug|Any CPU
		Release|Any CPU = Release|Any CPU
	EndGlobalSection
	GlobalSection(ProjectConfigurationPlatforms) = postSolution
		{643F890B-0CEF-46F6-B083-9D3D9707B076}.Debug|Any CPU.ActiveCfg = Debug|Any CPU
		{643F890B-0CEF-46F6-B083-9D3D9707B076}.Debug|Any CPU.Build.0 = Debug|Any CPU
		{643F890B-0CEF-46F6-B083-9D3D9707B076}.Release|Any CPU.ActiveCfg = Release|Any CPU
		{643F890B-0CEF-46F6-B083-9D3D9707B076}.Release|Any CPU.Build.0 = Release|Any CPU
	EndGlobalSection
	GlobalSection(SolutionProperties) = preSolution
		HideSolutionNode = FALSE
	EndGlobalSection
	GlobalSection(ExtensibilityGlobals) = postSolution
		SolutionGuid = {87A59E7C-2D03-4F61-9D64-91828D50F4CD}
	EndGlobalSection
EndGlobal
